{
  "requires": true,
  "lockfileVersion": 1,
  "dependencies": {
    "axois": {
      "version": "0.0.1-security",
      "resolved": "https://registry.npmjs.org/axois/-/axois-0.0.1-security.tgz",
      "integrity": "sha512-8Nui4fwwyxHfjAfpDlg3Jt66EJA4i1D1eJch3D+wM/Oe+qhpyp7yfiszko/O5/adYu20wc37RG9/Eg8QIJHcvA=="
    },
    "vue-axios": {
      "version": "3.2.5",
      "resolved": "https://registry.npmjs.org/vue-axios/-/vue-axios-3.2.5.tgz",
      "integrity": "sha512-V7XUzu0v3WOzd8PEF9m/ZoVivap+ToBPOXrhI8AsnczD93YXvGG+HkeQhJHAF/jeav8CsPDF3X/Z2vCqBbjsMQ=="
    }
  }
}
